// !$*UTF8*$!
{
	archiveVersion = 1;
	classes = {
	};
	objectVersion = 46;
	objects = {

/* Begin PBXBuildFile section */
		9244502118E6A22C0058D663 /* Preferences.xib in Resources */ = {isa = PBXBuildFile; fileRef = 9244502018E6A22C0058D663 /* Preferences.xib */; };
		92497E5D18D58F28009889B0 /* Cocoa.framework in Frameworks */ = {isa = PBXBuildFile; fileRef = 92497E5C18D58F28009889B0 /* Cocoa.framework */; };
		92497E6718D58F28009889B0 /* InfoPlist.strings in Resources */ = {isa = PBXBuildFile; fileRef = 92497E6518D58F28009889B0 /* InfoPlist.strings */; };
		92497E6918D58F28009889B0 /* main.m in Sources */ = {isa = PBXBuildFile; fileRef = 92497E6818D58F28009889B0 /* main.m */; };
		92497E6D18D58F28009889B0 /* Credits.rtf in Resources */ = {isa = PBXBuildFile; fileRef = 92497E6B18D58F28009889B0 /* Credits.rtf */; };
		92497E7018D58F28009889B0 /* memorizeAppDelegate.m in Sources */ = {isa = PBXBuildFile; fileRef = 92497E6F18D58F28009889B0 /* memorizeAppDelegate.m */; };
		92497E7318D58F28009889B0 /* MainMenu.xib in Resources */ = {isa = PBXBuildFile; fileRef = 92497E7118D58F28009889B0 /* MainMenu.xib */; };
		92497E7518D58F28009889B0 /* Images.xcassets in Resources */ = {isa = PBXBuildFile; fileRef = 92497E7418D58F28009889B0 /* Images.xcassets */; };
		92497E7C18D58F28009889B0 /* XCTest.framework in Frameworks */ = {isa = PBXBuildFile; fileRef = 92497E7B18D58F28009889B0 /* XCTest.framework */; };
		92497E7D18D58F28009889B0 /* Cocoa.framework in Frameworks */ = {isa = PBXBuildFile; fileRef = 92497E5C18D58F28009889B0 /* Cocoa.framework */; };
		92497E8518D58F28009889B0 /* InfoPlist.strings in Resources */ = {isa = PBXBuildFile; fileRef = 92497E8318D58F28009889B0 /* InfoPlist.strings */; };
		92497E8718D58F29009889B0 /* memorizeTests.m in Sources */ = {isa = PBXBuildFile; fileRef = 92497E8618D58F29009889B0 /* memorizeTests.m */; };
		92791D5C18ED6787006ED261 /* preferencesAppDelegate.m in Sources */ = {isa = PBXBuildFile; fileRef = 92791D5B18ED6787006ED261 /* preferencesAppDelegate.m */; };
		92AF0F6C19161DAB0005FD02 /* memorizeDataObject.m in Sources */ = {isa = PBXBuildFile; fileRef = 92AF0F6B19161DAB0005FD02 /* memorizeDataObject.m */; };
/* End PBXBuildFile section */

/* Begin PBXContainerItemProxy section */
		92497E7E18D58F28009889B0 /* PBXContainerItemProxy */ = {
			isa = PBXContainerItemProxy;
			containerPortal = 92497E5118D58F28009889B0 /* Project object */;
			proxyType = 1;
			remoteGlobalIDString = 92497E5818D58F28009889B0;
			remoteInfo = memorize;
		};
/* End PBXContainerItemProxy section */

/* Begin PBXFileReference section */
		9244502018E6A22C0058D663 /* Preferences.xib */ = {isa = PBXFileReference; fileEncoding = 4; lastKnownFileType = file.xib; path = Preferences.xib; sourceTree = "<group>"; };
		92497E5918D58F28009889B0 /* memorize.app */ = {isa = PBXFileReference; explicitFileType = wrapper.application; includeInIndex = 0; path = memorize.app; sourceTree = BUILT_PRODUCTS_DIR; };
		92497E5C18D58F28009889B0 /* Cocoa.framework */ = {isa = PBXFileReference; lastKnownFileType = wrapper.framework; name = Cocoa.framework; path = System/Library/Frameworks/Cocoa.framework; sourceTree = SDKROOT; };
		92497E5F18D58F28009889B0 /* AppKit.framework */ = {isa = PBXFileReference; lastKnownFileType = wrapper.framework; name = AppKit.framework; path = System/Library/Frameworks/AppKit.framework; sourceTree = SDKROOT; };
		92497E6018D58F28009889B0 /* CoreData.framework */ = {isa = PBXFileReference; lastKnownFileType = wrapper.framework; name = CoreData.framework; path = System/Library/Frameworks/CoreData.framework; sourceTree = SDKROOT; };
		92497E6118D58F28009889B0 /* Foundation.framework */ = {isa = PBXFileReference; lastKnownFileType = wrapper.framework; name = Foundation.framework; path = System/Library/Frameworks/Foundation.framework; sourceTree = SDKROOT; };
		92497E6418D58F28009889B0 /* memorize-Info.plist */ = {isa = PBXFileReference; lastKnownFileType = text.plist.xml; path = "memorize-Info.plist"; sourceTree = "<group>"; };
		92497E6618D58F28009889B0 /* en */ = {isa = PBXFileReference; lastKnownFileType = text.plist.strings; name = en; path = en.lproj/InfoPlist.strings; sourceTree = "<group>"; };
		92497E6818D58F28009889B0 /* main.m */ = {isa = PBXFileReference; lastKnownFileType = sourcecode.c.objc; path = main.m; sourceTree = "<group>"; };
		92497E6A18D58F28009889B0 /* memorize-Prefix.pch */ = {isa = PBXFileReference; lastKnownFileType = sourcecode.c.h; path = "memorize-Prefix.pch"; sourceTree = "<group>"; };
		92497E6C18D58F28009889B0 /* en */ = {isa = PBXFileReference; lastKnownFileType = text.rtf; name = en; path = en.lproj/Credits.rtf; sourceTree = "<group>"; };
		92497E6E18D58F28009889B0 /* memorizeAppDelegate.h */ = {isa = PBXFileReference; lastKnownFileType = sourcecode.c.h; path = memorizeAppDelegate.h; sourceTree = "<group>"; };
		92497E6F18D58F28009889B0 /* memorizeAppDelegate.m */ = {isa = PBXFileReference; lastKnownFileType = sourcecode.c.objc; path = memorizeAppDelegate.m; sourceTree = "<group>"; };
		92497E7218D58F28009889B0 /* Base */ = {isa = PBXFileReference; lastKnownFileType = file.xib; name = Base; path = Base.lproj/MainMenu.xib; sourceTree = "<group>"; };
		92497E7418D58F28009889B0 /* Images.xcassets */ = {isa = PBXFileReference; lastKnownFileType = folder.assetcatalog; path = Images.xcassets; sourceTree = "<group>"; };
		92497E7A18D58F28009889B0 /* memorizeTests.xctest */ = {isa = PBXFileReference; explicitFileType = wrapper.cfbundle; includeInIndex = 0; path = memorizeTests.xctest; sourceTree = BUILT_PRODUCTS_DIR; };
		92497E7B18D58F28009889B0 /* XCTest.framework */ = {isa = PBXFileReference; lastKnownFileType = wrapper.framework; name = XCTest.framework; path = Library/Frameworks/XCTest.framework; sourceTree = DEVELOPER_DIR; };
		92497E8218D58F28009889B0 /* memorizeTests-Info.plist */ = {isa = PBXFileReference; lastKnownFileType = text.plist.xml; path = "memorizeTests-Info.plist"; sourceTree = "<group>"; };
		92497E8418D58F28009889B0 /* en */ = {isa = PBXFileReference; lastKnownFileType = text.plist.strings; name = en; path = en.lproj/InfoPlist.strings; sourceTree = "<group>"; };
		92497E8618D58F29009889B0 /* memorizeTests.m */ = {isa = PBXFileReference; lastKnownFileType = sourcecode.c.objc; path = memorizeTests.m; sourceTree = "<group>"; };
		92791D5A18ED6787006ED261 /* preferencesAppDelegate.h */ = {isa = PBXFileReference; fileEncoding = 4; lastKnownFileType = sourcecode.c.h; path = preferencesAppDelegate.h; sourceTree = "<group>"; };
		92791D5B18ED6787006ED261 /* preferencesAppDelegate.m */ = {isa = PBXFileReference; fileEncoding = 4; lastKnownFileType = sourcecode.c.objc; path = preferencesAppDelegate.m; sourceTree = "<group>"; };
		92AF0F6A19161DAB0005FD02 /* memorizeDataObject.h */ = {isa = PBXFileReference; fileEncoding = 4; lastKnownFileType = sourcecode.c.h; path = memorizeDataObject.h; sourceTree = "<group>"; };
		92AF0F6B19161DAB0005FD02 /* memorizeDataObject.m */ = {isa = PBXFileReference; fileEncoding = 4; lastKnownFileType = sourcecode.c.objc; path = memorizeDataObject.m; sourceTree = "<group>"; };
/* End PBXFileReference section */

/* Begin PBXFrameworksBuildPhase section */
		92497E5618D58F28009889B0 /* Frameworks */ = {
			isa = PBXFrameworksBuildPhase;
			buildActionMask = 2147483647;
			files = (
				92497E5D18D58F28009889B0 /* Cocoa.framework in Frameworks */,
			);
			runOnlyForDeploymentPostprocessing = 0;
		};
		92497E7718D58F28009889B0 /* Frameworks */ = {
			isa = PBXFrameworksBuildPhase;
			buildActionMask = 2147483647;
			files = (
				92497E7D18D58F28009889B0 /* Cocoa.framework in Frameworks */,
				92497E7C18D58F28009889B0 /* XCTest.framework in Frameworks */,
			);
			runOnlyForDeploymentPostprocessing = 0;
		};
/* End PBXFrameworksBuildPhase section */

/* Begin PBXGroup section */
		92497E5018D58F28009889B0 = {
			isa = PBXGroup;
			children = (
				92497E6218D58F28009889B0 /* memorize */,
				92497E8018D58F28009889B0 /* memorizeTests */,
				92497E5B18D58F28009889B0 /* Frameworks */,
				92497E5A18D58F28009889B0 /* Products */,
			);
			sourceTree = "<group>";
		};
		92497E5A18D58F28009889B0 /* Products */ = {
			isa = PBXGroup;
			children = (
				92497E5918D58F28009889B0 /* memorize.app */,
				92497E7A18D58F28009889B0 /* memorizeTests.xctest */,
			);
			name = Products;
			sourceTree = "<group>";
		};
		92497E5B18D58F28009889B0 /* Frameworks */ = {
			isa = PBXGroup;
			children = (
				92497E5C18D58F28009889B0 /* Cocoa.framework */,
				92497E7B18D58F28009889B0 /* XCTest.framework */,
				92497E5E18D58F28009889B0 /* Other Frameworks */,
			);
			name = Frameworks;
			sourceTree = "<group>";
		};
		92497E5E18D58F28009889B0 /* Other Frameworks */ = {
			isa = PBXGroup;
			children = (
				92497E5F18D58F28009889B0 /* AppKit.framework */,
				92497E6018D58F28009889B0 /* CoreData.framework */,
				92497E6118D58F28009889B0 /* Foundation.framework */,
			);
			name = "Other Frameworks";
			sourceTree = "<group>";
		};
		92497E6218D58F28009889B0 /* memorize */ = {
			isa = PBXGroup;
			children = (
				92497E6E18D58F28009889B0 /* memorizeAppDelegate.h */,
				92497E6F18D58F28009889B0 /* memorizeAppDelegate.m */,
				92497E7118D58F28009889B0 /* MainMenu.xib */,
				9244502018E6A22C0058D663 /* Preferences.xib */,
				92497E7418D58F28009889B0 /* Images.xcassets */,
				92497E6318D58F28009889B0 /* Supporting Files */,
				92791D5A18ED6787006ED261 /* preferencesAppDelegate.h */,
				92791D5B18ED6787006ED261 /* preferencesAppDelegate.m */,
				92AF0F6A19161DAB0005FD02 /* memorizeDataObject.h */,
				92AF0F6B19161DAB0005FD02 /* memorizeDataObject.m */,
			);
			path = memorize;
			sourceTree = "<group>";
		};
		92497E6318D58F28009889B0 /* Supporting Files */ = {
			isa = PBXGroup;
			children = (
				92497E6418D58F28009889B0 /* memorize-Info.plist */,
				92497E6518D58F28009889B0 /* InfoPlist.strings */,
				92497E6818D58F28009889B0 /* main.m */,
				92497E6A18D58F28009889B0 /* memorize-Prefix.pch */,
				92497E6B18D58F28009889B0 /* Credits.rtf */,
			);
			name = "Supporting Files";
			sourceTree = "<group>";
		};
		92497E8018D58F28009889B0 /* memorizeTests */ = {
			isa = PBXGroup;
			children = (
				92497E8618D58F29009889B0 /* memorizeTests.m */,
				92497E8118D58F28009889B0 /* Supporting Files */,
			);
			path = memorizeTests;
			sourceTree = "<group>";
		};
		92497E8118D58F28009889B0 /* Supporting Files */ = {
			isa = PBXGroup;
			children = (
				92497E8218D58F28009889B0 /* memorizeTests-Info.plist */,
				92497E8318D58F28009889B0 /* InfoPlist.strings */,
			);
			name = "Supporting Files";
			sourceTree = "<group>";
		};
/* End PBXGroup section */

/* Begin PBXNativeTarget section */
		92497E5818D58F28009889B0 /* memorize */ = {
			isa = PBXNativeTarget;
			buildConfigurationList = 92497E8A18D58F29009889B0 /* Build configuration list for PBXNativeTarget "memorize" */;
			buildPhases = (
				92497E5518D58F28009889B0 /* Sources */,
				92497E5618D58F28009889B0 /* Frameworks */,
				92497E5718D58F28009889B0 /* Resources */,
			);
			buildRules = (
			);
			dependencies = (
			);
			name = memorize;
			productName = memorize;
			productReference = 92497E5918D58F28009889B0 /* memorize.app */;
			productType = "com.apple.product-type.application";
		};
		92497E7918D58F28009889B0 /* memorizeTests */ = {
			isa = PBXNativeTarget;
			buildConfigurationList = 92497E8D18D58F29009889B0 /* Build configuration list for PBXNativeTarget "memorizeTests" */;
			buildPhases = (
				92497E7618D58F28009889B0 /* Sources */,
				92497E7718D58F28009889B0 /* Frameworks */,
				92497E7818D58F28009889B0 /* Resources */,
			);
			buildRules = (
			);
			dependencies = (
				92497E7F18D58F28009889B0 /* PBXTargetDependency */,
			);
			name = memorizeTests;
			productName = memorizeTests;
			productReference = 92497E7A18D58F28009889B0 /* memorizeTests.xctest */;
			productType = "com.apple.product-type.bundle.unit-test";
		};
/* End PBXNativeTarget section */

/* Begin PBXProject section */
		92497E5118D58F28009889B0 /* Project object */ = {
			isa = PBXProject;
			attributes = {
				CLASSPREFIX = memorize;
				LastUpgradeCheck = 0510;
				ORGANIZATIONNAME = yoshi;
				TargetAttributes = {
					92497E7918D58F28009889B0 = {
						TestTargetID = 92497E5818D58F28009889B0;
					};
				};
			};
			buildConfigurationList = 92497E5418D58F28009889B0 /* Build configuration list for PBXProject "memorize" */;
			compatibilityVersion = "Xcode 3.2";
			developmentRegion = English;
			hasScannedForEncodings = 0;
			knownRegions = (
				en,
				Base,
			);
			mainGroup = 92497E5018D58F28009889B0;
			productRefGroup = 92497E5A18D58F28009889B0 /* Products */;
			projectDirPath = "";
			projectRoot = "";
			targets = (
				92497E5818D58F28009889B0 /* memorize */,
				92497E7918D58F28009889B0 /* memorizeTests */,
			);
		};
/* End PBXProject section */

/* Begin PBXResourcesBuildPhase section */
		92497E5718D58F28009889B0 /* Resources */ = {
			isa = PBXResourcesBuildPhase;
			buildActionMask = 2147483647;
			files = (
				92497E6718D58F28009889B0 /* InfoPlist.strings in Resources */,
				9244502118E6A22C0058D663 /* Preferences.xib in Resources */,
				92497E7518D58F28009889B0 /* Images.xcassets in Resources */,
				92497E6D18D58F28009889B0 /* Credits.rtf in Resources */,
				92497E7318D58F28009889B0 /* MainMenu.xib in Resources */,
			);
			runOnlyForDeploymentPostprocessing = 0;
		};
		92497E7818D58F28009889B0 /* Resources */ = {
			isa = PBXResourcesBuildPhase;
			buildActionMask = 2147483647;
			files = (
				92497E8518D58F28009889B0 /* InfoPlist.strings in Resources */,
			);
			runOnlyForDeploymentPostprocessing = 0;
		};
/* End PBXResourcesBuildPhase section */

/* Begin PBXSourcesBuildPhase section */
		92497E5518D58F28009889B0 /* Sources */ = {
			isa = PBXSourcesBuildPhase;
			buildActionMask = 2147483647;
			files = (
				92AF0F6C19161DAB0005FD02 /* memorizeDataObject.m in Sources */,
				92497E7018D58F28009889B0 /* memorizeAppDelegate.m in Sources */,
				92497E6918D58F28009889B0 /* main.m in Sources */,
				92791D5C18ED6787006ED261 /* preferencesAppDelegate.m in Sources */,
			);
			runOnlyForDeploymentPostprocessing = 0;
		};
		92497E7618D58F28009889B0 /* Sources */ = {
			isa = PBXSourcesBuildPhase;
			buildActionMask = 2147483647;
			files = (
				92497E8718D58F29009889B0 /* memorizeTests.m in Sources */,
			);
			runOnlyForDeploymentPostprocessing = 0;
		};
/* End PBXSourcesBuildPhase section */

/* Begin PBXTargetDependency section */
		92497E7F18D58F28009889B0 /* PBXTargetDependency */ = {
			isa = PBXTargetDependency;
			target = 92497E5818D58F28009889B0 /* memorize */;
			targetProxy = 92497E7E18D58F28009889B0 /* PBXContainerItemProxy */;
		};
/* End PBXTargetDependency section */

/* Begin PBXVariantGroup section */
		92497E6518D58F28009889B0 /* InfoPlist.strings */ = {
			isa = PBXVariantGroup;
			children = (
				92497E6618D58F28009889B0 /* en */,
			);
			name = InfoPlist.strings;
			sourceTree = "<group>";
		};
		92497E6B18D58F28009889B0 /* Credits.rtf */ = {
			isa = PBXVariantGroup;
			children = (
				92497E6C18D58F28009889B0 /* en */,
			);
			name = Credits.rtf;
			sourceTree = "<group>";
		};
		92497E7118D58F28009889B0 /* MainMenu.xib */ = {
			isa = PBXVariantGroup;
			children = (
				92497E7218D58F28009889B0 /* Base */,
			);
			name = MainMenu.xib;
			sourceTree = "<group>";
		};
		92497E8318D58F28009889B0 /* InfoPlist.strings */ = {
			isa = PBXVariantGroup;
			children = (
				92497E8418D58F28009889B0 /* en */,
			);
			name = InfoPlist.strings;
			sourceTree = "<group>";
		};
/* End PBXVariantGroup section */

/* Begin XCBuildConfiguration section */
		92497E8818D58F29009889B0 /* Debug */ = {
			isa = XCBuildConfiguration;
			buildSettings = {
				ALWAYS_SEARCH_USER_PATHS = NO;
				CLANG_CXX_LANGUAGE_STANDARD = "gnu++0x";
				CLANG_CXX_LIBRARY = "libc++";
				CLANG_ENABLE_MODULES = YES;
				CLANG_ENABLE_OBJC_ARC = YES;
				CLANG_WARN_BOOL_CONVERSION = YES;
				CLANG_WARN_CONSTANT_CONVERSION = YES;
				CLANG_WARN_DIRECT_OBJC_ISA_USAGE = YES_ERROR;
				CLANG_WARN_EMPTY_BODY = YES;
				CLANG_WARN_ENUM_CONVERSION = YES;
				CLANG_WARN_INT_CONVERSION = YES;
				CLANG_WARN_OBJC_ROOT_CLASS = YES_ERROR;
				CLANG_WARN__DUPLICATE_METHOD_MATCH = YES;
				COPY_PHASE_STRIP = NO;
				GCC_C_LANGUAGE_STANDARD = gnu99;
				GCC_DYNAMIC_NO_PIC = NO;
				GCC_ENABLE_OBJC_EXCEPTIONS = YES;
				GCC_OPTIMIZATION_LEVEL = 0;
				GCC_PREPROCESSOR_DEFINITIONS = (
					"DEBUG=1",
					"$(inherited)",
				);
				GCC_SYMBOLS_PRIVATE_EXTERN = NO;
				GCC_WARN_64_TO_32_BIT_CONVERSION = YES;
				GCC_WARN_ABOUT_RETURN_TYPE = YES_ERROR;
				GCC_WARN_UNDECLARED_SELECTOR = YES;
				GCC_WARN_UNINITIALIZED_AUTOS = YES_AGGRESSIVE;
				GCC_WARN_UNUSED_FUNCTION = YES;
				GCC_WARN_UNUSED_VARIABLE = YES;
				MACOSX_DEPLOYMENT_TARGET = 10.8;
				ONLY_ACTIVE_ARCH = YES;
				SDKROOT = macosx;
			};
			name = Debug;
		};
		92497E8918D58F29009889B0 /* Release */ = {
			isa = XCBuildConfiguration;
			buildSettings = {
				ALWAYS_SEARCH_USER_PATHS = NO;
				CLANG_CXX_LANGUAGE_STANDARD = "gnu++0x";
				CLANG_CXX_LIBRARY = "libc++";
				CLANG_ENABLE_MODULES = YES;
				CLANG_ENABLE_OBJC_ARC = YES;
				CLANG_WARN_BOOL_CONVERSION = YES;
				CLANG_WARN_CONSTANT_CONVERSION = YES;
				CLANG_WARN_DIRECT_OBJC_ISA_USAGE = YES_ERROR;
				CLANG_WARN_EMPTY_BODY = YES;
				CLANG_WARN_ENUM_CONVERSION = YES;
				CLANG_WARN_INT_CONVERSION = YES;
				CLANG_WARN_OBJC_ROOT_CLASS = YES_ERROR;
				CLANG_WARN__DUPLICATE_METHOD_MATCH = YES;
				COPY_PHASE_STRIP = YES;
				DEBUG_INFORMATION_FORMAT = "dwarf-with-dsym";
				ENABLE_NS_ASSERTIONS = NO;
				GCC_C_LANGUAGE_STANDARD = gnu99;
				GCC_ENABLE_OBJC_EXCEPTIONS = YES;
				GCC_WARN_64_TO_32_BIT_CONVERSION = YES;
				GCC_WARN_ABOUT_RETURN_TYPE = YES_ERROR;
				GCC_WARN_UNDECLARED_SELECTOR = YES;
				GCC_WARN_UNINITIALIZED_AUTOS = YES_AGGRESSIVE;
				GCC_WARN_UNUSED_FUNCTION = YES;
				GCC_WARN_UNUSED_VARIABLE = YES;
				MACOSX_DEPLOYMENT_TARGET = 10.8;
				SDKROOT = macosx;
			};
			name = Release;
		};
		92497E8B18D58F29009889B0 /* Debug */ = {
			isa = XCBuildConfiguration;
			buildSettings = {
				ASSETCATALOG_COMPILER_APPICON_NAME = AppIcon;
				COMBINE_HIDPI_IMAGES = YES;
				GCC_PRECOMPILE_PREFIX_HEADER = YES;
				GCC_PREFIX_HEADER = "memorize/memorize-Prefix.pch";
				INFOPLIST_FILE = "memorize/memorize-Info.plist";
				PRODUCT_NAME = "$(TARGET_NAME)";
				WRAPPER_EXTENSION = app;
			};
			name = Debug;
		};
		92497E8C18D58F29009889B0 /* Release */ = {
			isa = XCBuildConfiguration;
			buildSettings = {
				ASSETCATALOG_COMPILER_APPICON_NAME = AppIcon;
				COMBINE_HIDPI_IMAGES = YES;
				GCC_PRECOMPILE_PREFIX_HEADER = YES;
				GCC_PREFIX_HEADER = "memorize/memorize-Prefix.pch";
				INFOPLIST_FILE = "memorize/memorize-Info.plist";
				PRODUCT_NAME = "$(TARGET_NAME)";
				WRAPPER_EXTENSION = app;
			};
			name = Release;
		};
		92497E8E18D58F29009889B0 /* Debug */ = {
			isa = XCBuildConfiguration;
			buildSettings = {
				BUNDLE_LOADER = "$(BUILT_PRODUCTS_DIR)/memorize.app/Contents/MacOS/memorize";
				COMBINE_HIDPI_IMAGES = YES;
				FRAMEWORK_SEARCH_PATHS = (
					"$(DEVELOPER_FRAMEWORKS_DIR)",
					"$(inherited)",
				);
				GCC_PRECOMPILE_PREFIX_HEADER = YES;
				GCC_PREFIX_HEADER = "memorize/memorize-Prefix.pch";
				GCC_PREPROCESSOR_DEFINITIONS = (
					"DEBUG=1",
					"$(inherited)",
				);
				INFOPLIST_FILE = "memorizeTests/memorizeTests-Info.plist";
				PRODUCT_NAME = "$(TARGET_NAME)";
				TEST_HOST = "$(BUNDLE_LOADER)";
				WRAPPER_EXTENSION = xctest;
			};
			name = Debug;
		};
		92497E8F18D58F29009889B0 /* Release */ = {
			isa = XCBuildConfiguration;
			buildSettings = {
				BUNDLE_LOADER = "$(BUILT_PRODUCTS_DIR)/memorize.app/Contents/MacOS/memorize";
				COMBINE_HIDPI_IMAGES = YES;
				FRAMEWORK_SEARCH_PATHS = (
					"$(DEVELOPER_FRAMEWORKS_DIR)",
					"$(inherited)",
				);
				GCC_PRECOMPILE_PREFIX_HEADER = YES;
				GCC_PREFIX_HEADER = "memorize/memorize-Prefix.pch";
				INFOPLIST_FILE = "memorizeTests/memorizeTests-Info.plist";
				PRODUCT_NAME = "$(TARGET_NAME)";
				TEST_HOST = "$(BUNDLE_LOADER)";
				WRAPPER_EXTENSION = xctest;
			};
			name = Release;
		};
/* End XCBuildConfiguration section */

/* Begin XCConfigurationList section */
		92497E5418D58F28009889B0 /* Build configuration list for PBXProject "memorize" */ = {
			isa = XCConfigurationList;
			buildConfigurations = (
				92497E8818D58F29009889B0 /* Debug */,
				92497E8918D58F29009889B0 /* Release */,
			);
			defaultConfigurationIsVisible = 0;
			defaultConfigurationName = Release;
		};
		92497E8A18D58F29009889B0 /* Build configuration list for PBXNativeTarget "memorize" */ = {
			isa = XCConfigurationList;
			buildConfigurations = (
				92497E8B18D58F29009889B0 /* Debug */,
				92497E8C18D58F29009889B0 /* Release */,
			);
			defaultConfigurationIsVisible = 0;
			defaultConfigurationName = Release;
		};
		92497E8D18D58F29009889B0 /* Build configuration list for PBXNativeTarget "memorizeTests" */ = {
			isa = XCConfigurationList;
			buildConfigurations = (
				92497E8E18D58F29009889B0 /* Debug */,
				92497E8F18D58F29009889B0 /* Release */,
			);
			defaultConfigurationIsVisible = 0;
			defaultConfigurationName = Release;
		};
/* End XCConfigurationList section */
	};
	rootObject = 92497E5118D58F28009889B0 /* Project object */;
}
